
Microsoft Visual Studio Solution File, Format Version 12.00
# Visual Studio Version 17
VisualStudioVersion = 17.0.31919.166
MinimumVisualStudioVersion = 10.0.40219.1
Project("{F2A71F9B-5D33-465A-A702-920D77279786}") = "FsEfTest", "FsEfTest\FsEfTest.fsproj", "{0EDFC3A1-425A-44F0-8D0B-B93FE4C4A78B}"
EndProject
Global
	GlobalSection(SolutionConfigurationPlatforms) = preSolution
		Debug|Any CPU = Debug|Any CPU
		Release|Any CPU = Release|Any CPU
	EndGlobalSection
	GlobalSection(ProjectConfigurationPlatforms) = postSolution
		{0EDFC3A1-425A-44F0-8D0B-B93FE4C4A78B}.Debug|Any CPU.ActiveCfg = Debug|Any CPU
		{0EDFC3A1-425A-44F0-8D0B-B93FE4C4A78B}.Debug|Any CPU.Build.0 = Debug|Any CPU
		{0EDFC3A1-425A-44F0-8D0B-B93FE4C4A78B}.Release|Any CPU.ActiveCfg = Release|Any CPU
		{0EDFC3A1-425A-44F0-8D0B-B93FE4C4A78B}.Release|Any CPU.Build.0 = Release|Any CPU
	EndGlobalSection
	GlobalSection(SolutionProperties) = preSolution
		HideSolutionNode = FALSE
	EndGlobalSection
	GlobalSection(ExtensibilityGlobals) = postSolution
		SolutionGuid = {60CFF245-FD87-49EE-87AC-358E2E61C72D}
	EndGlobalSection
EndGlobal
